
Microsoft Visual Studio Solution File, Format Version 12.00
# Visual Studio Version 16
VisualStudioVersion = 16.0.31019.35
MinimumVisualStudioVersion = 10.0.40219.1
Project("{FAE04EC0-301F-11D3-BF4B-00C04F79EFBC}") = "PS6", "PS6.csproj", "{A2B16C5C-2013-43A7-ADEE-FD9C042729A4}"
EndProject
Global
	GlobalSection(SolutionConfigurationPlatforms) = preSolution
		Debug|Any CPU = Debug|Any CPU
		Release|Any CPU = Release|Any CPU
	EndGlobalSection
	GlobalSection(ProjectConfigurationPlatforms) = postSolution
		{A2B16C5C-2013-43A7-ADEE-FD9C042729A4}.Debug|Any CPU.ActiveCfg = Debug|Any CPU
		{A2B16C5C-2013-43A7-ADEE-FD9C042729A4}.Debug|Any CPU.Build.0 = Debug|Any CPU
		{A2B16C5C-2013-43A7-ADEE-FD9C042729A4}.Release|Any CPU.ActiveCfg = Release|Any CPU
		{A2B16C5C-2013-43A7-ADEE-FD9C042729A4}.Release|Any CPU.Build.0 = Release|Any CPU
	EndGlobalSection
	GlobalSection(SolutionProperties) = preSolution
		HideSolutionNode = FALSE
	EndGlobalSection
	GlobalSection(ExtensibilityGlobals) = postSolution
		SolutionGuid = {CEB1D583-3CAA-4976-A5CD-520E794BC097}
	EndGlobalSection
EndGlobal
