
Microsoft Visual Studio Solution File, Format Version 12.00
# Visual Studio Version 16
VisualStudioVersion = 16.0.31019.35
MinimumVisualStudioVersion = 10.0.40219.1
Project("{FAE04EC0-301F-11D3-BF4B-00C04F79EFBC}") = "PS1", "PS1.csproj", "{43004CB6-0203-4D0E-AE70-2C4DD04F7DB3}"
EndProject
Global
	GlobalSection(SolutionConfigurationPlatforms) = preSolution
		Debug|Any CPU = Debug|Any CPU
		Release|Any CPU = Release|Any CPU
	EndGlobalSection
	GlobalSection(ProjectConfigurationPlatforms) = postSolution
		{43004CB6-0203-4D0E-AE70-2C4DD04F7DB3}.Debug|Any CPU.ActiveCfg = Debug|Any CPU
		{43004CB6-0203-4D0E-AE70-2C4DD04F7DB3}.Debug|Any CPU.Build.0 = Debug|Any CPU
		{43004CB6-0203-4D0E-AE70-2C4DD04F7DB3}.Release|Any CPU.ActiveCfg = Release|Any CPU
		{43004CB6-0203-4D0E-AE70-2C4DD04F7DB3}.Release|Any CPU.Build.0 = Release|Any CPU
	EndGlobalSection
	GlobalSection(SolutionProperties) = preSolution
		HideSolutionNode = FALSE
	EndGlobalSection
	GlobalSection(ExtensibilityGlobals) = postSolution
		SolutionGuid = {C0BA8EB3-9E80-4794-9C42-7F5BFAEB33E9}
	EndGlobalSection
EndGlobal
